// !$*UTF8*$!
{
	archiveVersion = 1;
	classes = {
	};
	objectVersion = 46;
	objects = {

/* Begin PBXBuildFile section */
		655808191B59B58700B92C87 /* RecordedAudio.swift in Sources */ = {isa = PBXBuildFile; fileRef = 655808181B59B58700B92C87 /* RecordedAudio.swift */; };
		65809AB51B54CBB1002B019B /* AppDelegate.swift in Sources */ = {isa = PBXBuildFile; fileRef = 65809AB41B54CBB1002B019B /* AppDelegate.swift */; };
		65809AB71B54CBB1002B019B /* RecordSoundsViewController.swift in Sources */ = {isa = PBXBuildFile; fileRef = 65809AB61B54CBB1002B019B /* RecordSoundsViewController.swift */; };
		65809ABC1B54CBB1002B019B /* Images.xcassets in Resources */ = {isa = PBXBuildFile; fileRef = 65809ABB1B54CBB1002B019B /* Images.xcassets */; };
		65809ABF1B54CBB1002B019B /* LaunchScreen.xib in Resources */ = {isa = PBXBuildFile; fileRef = 65809ABD1B54CBB1002B019B /* LaunchScreen.xib */; };
		65809ACB1B54CBB1002B019B /* Pitch_PerfectTests.swift in Sources */ = {isa = PBXBuildFile; fileRef = 65809ACA1B54CBB1002B019B /* Pitch_PerfectTests.swift */; };
		65809AD51B563BC9002B019B /* PlaySoundsViewController.swift in Sources */ = {isa = PBXBuildFile; fileRef = 65809AD41B563BC9002B019B /* PlaySoundsViewController.swift */; };
		65809AD91B5644B3002B019B /* movie_quote.mp3 in Resources */ = {isa = PBXBuildFile; fileRef = 65809AD81B5644B3002B019B /* movie_quote.mp3 */; };
		6584BCE31B597822005552B8 /* Main.storyboard in Resources */ = {isa = PBXBuildFile; fileRef = 65809AB81B54CBB1002B019B /* Main.storyboard */; };
/* End PBXBuildFile section */

/* Begin PBXContainerItemProxy section */
		65809AC51B54CBB1002B019B /* PBXContainerItemProxy */ = {
			isa = PBXContainerItemProxy;
			containerPortal = 65809AA71B54CBB1002B019B /* Project object */;
			proxyType = 1;
			remoteGlobalIDString = 65809AAE1B54CBB1002B019B;
			remoteInfo = "Pitch Perfect";
		};
/* End PBXContainerItemProxy section */

/* Begin PBXFileReference section */
		655808181B59B58700B92C87 /* RecordedAudio.swift */ = {isa = PBXFileReference; fileEncoding = 4; lastKnownFileType = sourcecode.swift; path = RecordedAudio.swift; sourceTree = "<group>"; };
		65809AAF1B54CBB1002B019B /* Pitch Perfect.app */ = {isa = PBXFileReference; explicitFileType = wrapper.application; includeInIndex = 0; path = "Pitch Perfect.app"; sourceTree = BUILT_PRODUCTS_DIR; };
		65809AB31B54CBB1002B019B /* Info.plist */ = {isa = PBXFileReference; lastKnownFileType = text.plist.xml; path = Info.plist; sourceTree = "<group>"; };
		65809AB41B54CBB1002B019B /* AppDelegate.swift */ = {isa = PBXFileReference; lastKnownFileType = sourcecode.swift; path = AppDelegate.swift; sourceTree = "<group>"; };
		65809AB61B54CBB1002B019B /* RecordSoundsViewController.swift */ = {isa = PBXFileReference; lastKnownFileType = sourcecode.swift; path = RecordSoundsViewController.swift; sourceTree = "<group>"; };
		65809AB91B54CBB1002B019B /* Base */ = {isa = PBXFileReference; lastKnownFileType = file.storyboard; name = Base; path = Base.lproj/Main.storyboard; sourceTree = "<group>"; };
		65809ABB1B54CBB1002B019B /* Images.xcassets */ = {isa = PBXFileReference; lastKnownFileType = folder.assetcatalog; path = Images.xcassets; sourceTree = "<group>"; };
		65809ABE1B54CBB1002B019B /* Base */ = {isa = PBXFileReference; lastKnownFileType = file.xib; name = Base; path = Base.lproj/LaunchScreen.xib; sourceTree = "<group>"; };
		65809AC41B54CBB1002B019B /* Pitch PerfectTests.xctest */ = {isa = PBXFileReference; explicitFileType = wrapper.cfbundle; includeInIndex = 0; path = "Pitch PerfectTests.xctest"; sourceTree = BUILT_PRODUCTS_DIR; };
		65809AC91B54CBB1002B019B /* Info.plist */ = {isa = PBXFileReference; lastKnownFileType = text.plist.xml; path = Info.plist; sourceTree = "<group>"; };
		65809ACA1B54CBB1002B019B /* Pitch_PerfectTests.swift */ = {isa = PBXFileReference; lastKnownFileType = sourcecode.swift; path = Pitch_PerfectTests.swift; sourceTree = "<group>"; };
		65809AD41B563BC9002B019B /* PlaySoundsViewController.swift */ = {isa = PBXFileReference; fileEncoding = 4; lastKnownFileType = sourcecode.swift; path = PlaySoundsViewController.swift; sourceTree = "<group>"; };
		65809AD81B5644B3002B019B /* movie_quote.mp3 */ = {isa = PBXFileReference; lastKnownFileType = audio.mp3; path = movie_quote.mp3; sourceTree = "<group>"; };
/* End PBXFileReference section */

/* Begin PBXFrameworksBuildPhase section */
		65809AAC1B54CBB1002B019B /* Frameworks */ = {
			isa = PBXFrameworksBuildPhase;
			buildActionMask = 2147483647;
			files = (
			);
			runOnlyForDeploymentPostprocessing = 0;
		};
		65809AC11B54CBB1002B019B /* Frameworks */ = {
			isa = PBXFrameworksBuildPhase;
			buildActionMask = 2147483647;
			files = (
			);
			runOnlyForDeploymentPostprocessing = 0;
		};
/* End PBXFrameworksBuildPhase section */

/* Begin PBXGroup section */
		65809AA61B54CBB1002B019B = {
			isa = PBXGroup;
			children = (
				65809AB11B54CBB1002B019B /* Pitch Perfect */,
				65809AC71B54CBB1002B019B /* Pitch PerfectTests */,
				65809AB01B54CBB1002B019B /* Products */,
			);
			sourceTree = "<group>";
		};
		65809AB01B54CBB1002B019B /* Products */ = {
			isa = PBXGroup;
			children = (
				65809AAF1B54CBB1002B019B /* Pitch Perfect.app */,
				65809AC41B54CBB1002B019B /* Pitch PerfectTests.xctest */,
			);
			name = Products;
			sourceTree = "<group>";
		};
		65809AB11B54CBB1002B019B /* Pitch Perfect */ = {
			isa = PBXGroup;
			children = (
				65809AD41B563BC9002B019B /* PlaySoundsViewController.swift */,
				65809AB41B54CBB1002B019B /* AppDelegate.swift */,
				65809AB61B54CBB1002B019B /* RecordSoundsViewController.swift */,
				65809AB81B54CBB1002B019B /* Main.storyboard */,
				655808181B59B58700B92C87 /* RecordedAudio.swift */,
				65809ABB1B54CBB1002B019B /* Images.xcassets */,
				65809ABD1B54CBB1002B019B /* LaunchScreen.xib */,
				65809AB21B54CBB1002B019B /* Supporting Files */,
			);
			path = "Pitch Perfect";
			sourceTree = "<group>";
		};
		65809AB21B54CBB1002B019B /* Supporting Files */ = {
			isa = PBXGroup;
			children = (
				65809AD81B5644B3002B019B /* movie_quote.mp3 */,
				65809AB31B54CBB1002B019B /* Info.plist */,
			);
			name = "Supporting Files";
			sourceTree = "<group>";
		};
		65809AC71B54CBB1002B019B /* Pitch PerfectTests */ = {
			isa = PBXGroup;
			children = (
				65809ACA1B54CBB1002B019B /* Pitch_PerfectTests.swift */,
				65809AC81B54CBB1002B019B /* Supporting Files */,
			);
			path = "Pitch PerfectTests";
			sourceTree = "<group>";
		};
		65809AC81B54CBB1002B019B /* Supporting Files */ = {
			isa = PBXGroup;
			children = (
				65809AC91B54CBB1002B019B /* Info.plist */,
			);
			name = "Supporting Files";
			sourceTree = "<group>";
		};
/* End PBXGroup section */

/* Begin PBXNativeTarget section */
		65809AAE1B54CBB1002B019B /* Pitch Perfect */ = {
			isa = PBXNativeTarget;
			buildConfigurationList = 65809ACE1B54CBB1002B019B /* Build configuration list for PBXNativeTarget "Pitch Perfect" */;
			buildPhases = (
				65809AAB1B54CBB1002B019B /* Sources */,
				65809AAC1B54CBB1002B019B /* Frameworks */,
				65809AAD1B54CBB1002B019B /* Resources */,
			);
			buildRules = (
			);
			dependencies = (
			);
			name = "Pitch Perfect";
			productName = "Pitch Perfect";
			productReference = 65809AAF1B54CBB1002B019B /* Pitch Perfect.app */;
			productType = "com.apple.product-type.application";
		};
		65809AC31B54CBB1002B019B /* Pitch PerfectTests */ = {
			isa = PBXNativeTarget;
			buildConfigurationList = 65809AD11B54CBB1002B019B /* Build configuration list for PBXNativeTarget "Pitch PerfectTests" */;
			buildPhases = (
				65809AC01B54CBB1002B019B /* Sources */,
				65809AC11B54CBB1002B019B /* Frameworks */,
				65809AC21B54CBB1002B019B /* Resources */,
			);
			buildRules = (
			);
			dependencies = (
				65809AC61B54CBB1002B019B /* PBXTargetDependency */,
			);
			name = "Pitch PerfectTests";
			productName = "Pitch PerfectTests";
			productReference = 65809AC41B54CBB1002B019B /* Pitch PerfectTests.xctest */;
			productType = "com.apple.product-type.bundle.unit-test";
		};
/* End PBXNativeTarget section */

/* Begin PBXProject section */
		65809AA71B54CBB1002B019B /* Project object */ = {
			isa = PBXProject;
			attributes = {
				LastUpgradeCheck = 0640;
				ORGANIZATIONNAME = "Cool Vector";
				TargetAttributes = {
					65809AAE1B54CBB1002B019B = {
						CreatedOnToolsVersion = 6.4;
						DevelopmentTeam = 4ZP79UH7GN;
					};
					65809AC31B54CBB1002B019B = {
						CreatedOnToolsVersion = 6.4;
						TestTargetID = 65809AAE1B54CBB1002B019B;
					};
				};
			};
			buildConfigurationList = 65809AAA1B54CBB1002B019B /* Build configuration list for PBXProject "Pitch Perfect" */;
			compatibilityVersion = "Xcode 3.2";
			developmentRegion = English;
			hasScannedForEncodings = 0;
			knownRegions = (
				en,
				Base,
			);
			mainGroup = 65809AA61B54CBB1002B019B;
			productRefGroup = 65809AB01B54CBB1002B019B /* Products */;
			projectDirPath = "";
			projectRoot = "";
			targets = (
				65809AAE1B54CBB1002B019B /* Pitch Perfect */,
				65809AC31B54CBB1002B019B /* Pitch PerfectTests */,
			);
		};
/* End PBXProject section */

/* Begin PBXResourcesBuildPhase section */
		65809AAD1B54CBB1002B019B /* Resources */ = {
			isa = PBXResourcesBuildPhase;
			buildActionMask = 2147483647;
			files = (
				65809ABF1B54CBB1002B019B /* LaunchScreen.xib in Resources */,
				65809AD91B5644B3002B019B /* movie_quote.mp3 in Resources */,
				65809ABC1B54CBB1002B019B /* Images.xcassets in Resources */,
				6584BCE31B597822005552B8 /* Main.storyboard in Resources */,
			);
			runOnlyForDeploymentPostprocessing = 0;
		};
		65809AC21B54CBB1002B019B /* Resources */ = {
			isa = PBXResourcesBuildPhase;
			buildActionMask = 2147483647;
			files = (
			);
			runOnlyForDeploymentPostprocessing = 0;
		};
/* End PBXResourcesBuildPhase section */

/* Begin PBXSourcesBuildPhase section */
		65809AAB1B54CBB1002B019B /* Sources */ = {
			isa = PBXSourcesBuildPhase;
			buildActionMask = 2147483647;
			files = (
				655808191B59B58700B92C87 /* RecordedAudio.swift in Sources */,
				65809AB71B54CBB1002B019B /* RecordSoundsViewController.swift in Sources */,
				65809AD51B563BC9002B019B /* PlaySoundsViewController.swift in Sources */,
				65809AB51B54CBB1002B019B /* AppDelegate.swift in Sources */,
			);
			runOnlyForDeploymentPostprocessing = 0;
		};
		65809AC01B54CBB1002B019B /* Sources */ = {
			isa = PBXSourcesBuildPhase;
			buildActionMask = 2147483647;
			files = (
				65809ACB1B54CBB1002B019B /* Pitch_PerfectTests.swift in Sources */,
			);
			runOnlyForDeploymentPostprocessing = 0;
		};
/* End PBXSourcesBuildPhase section */

/* Begin PBXTargetDependency section */
		65809AC61B54CBB1002B019B /* PBXTargetDependency */ = {
			isa = PBXTargetDependency;
			target = 65809AAE1B54CBB1002B019B /* Pitch Perfect */;
			targetProxy = 65809AC51B54CBB1002B019B /* PBXContainerItemProxy */;
		};
/* End PBXTargetDependency section */

/* Begin PBXVariantGroup section */
		65809AB81B54CBB1002B019B /* Main.storyboard */ = {
			isa = PBXVariantGroup;
			children = (
				65809AB91B54CBB1002B019B /* Base */,
			);
			name = Main.storyboard;
			sourceTree = "<group>";
		};
		65809ABD1B54CBB1002B019B /* LaunchScreen.xib */ = {
			isa = PBXVariantGroup;
			children = (
				65809ABE1B54CBB1002B019B /* Base */,
			);
			name = LaunchScreen.xib;
			sourceTree = "<group>";
		};
/* End PBXVariantGroup section */

/* Begin XCBuildConfiguration section */
		65809ACC1B54CBB1002B019B /* Debug */ = {
			isa = XCBuildConfiguration;
			buildSettings = {
				ALWAYS_SEARCH_USER_PATHS = NO;
				CLANG_CXX_LANGUAGE_STANDARD = "gnu++0x";
				CLANG_CXX_LIBRARY = "libc++";
				CLANG_ENABLE_MODULES = YES;
				CLANG_ENABLE_OBJC_ARC = YES;
				CLANG_WARN_BOOL_CONVERSION = YES;
				CLANG_WARN_CONSTANT_CONVERSION = YES;
				CLANG_WARN_DIRECT_OBJC_ISA_USAGE = YES_ERROR;
				CLANG_WARN_EMPTY_BODY = YES;
				CLANG_WARN_ENUM_CONVERSION = YES;
				CLANG_WARN_INT_CONVERSION = YES;
				CLANG_WARN_OBJC_ROOT_CLASS = YES_ERROR;
				CLANG_WARN_UNREACHABLE_CODE = YES;
				CLANG_WARN__DUPLICATE_METHOD_MATCH = YES;
				"CODE_SIGN_IDENTITY[sdk=iphoneos*]" = "iPhone Developer";
				COPY_PHASE_STRIP = NO;
				DEBUG_INFORMATION_FORMAT = "dwarf-with-dsym";
				ENABLE_STRICT_OBJC_MSGSEND = YES;
				GCC_C_LANGUAGE_STANDARD = gnu99;
				GCC_DYNAMIC_NO_PIC = NO;
				GCC_NO_COMMON_BLOCKS = YES;
				GCC_OPTIMIZATION_LEVEL = 0;
				GCC_PREPROCESSOR_DEFINITIONS = (
					"DEBUG=1",
					"$(inherited)",
				);
				GCC_SYMBOLS_PRIVATE_EXTERN = NO;
				GCC_WARN_64_TO_32_BIT_CONVERSION = YES;
				GCC_WARN_ABOUT_RETURN_TYPE = YES_ERROR;
				GCC_WARN_UNDECLARED_SELECTOR = YES;
				GCC_WARN_UNINITIALIZED_AUTOS = YES_AGGRESSIVE;
				GCC_WARN_UNUSED_FUNCTION = YES;
				GCC_WARN_UNUSED_VARIABLE = YES;
				IPHONEOS_DEPLOYMENT_TARGET = 8.4;
				MTL_ENABLE_DEBUG_INFO = YES;
				ONLY_ACTIVE_ARCH = YES;
				SDKROOT = iphoneos;
				SWIFT_OPTIMIZATION_LEVEL = "-Onone";
			};
			name = Debug;
		};
		65809ACD1B54CBB1002B019B /* Release */ = {
			isa = XCBuildConfiguration;
			buildSettings = {
				ALWAYS_SEARCH_USER_PATHS = NO;
				CLANG_CXX_LANGUAGE_STANDARD = "gnu++0x";
				CLANG_CXX_LIBRARY = "libc++";
				CLANG_ENABLE_MODULES = YES;
				CLANG_ENABLE_OBJC_ARC = YES;
				CLANG_WARN_BOOL_CONVERSION = YES;
				CLANG_WARN_CONSTANT_CONVERSION = YES;
				CLANG_WARN_DIRECT_OBJC_ISA_USAGE = YES_ERROR;
				CLANG_WARN_EMPTY_BODY = YES;
				CLANG_WARN_ENUM_CONVERSION = YES;
				CLANG_WARN_INT_CONVERSION = YES;
				CLANG_WARN_OBJC_ROOT_CLASS = YES_ERROR;
				CLANG_WARN_UNREACHABLE_CODE = YES;
				CLANG_WARN__DUPLICATE_METHOD_MATCH = YES;
				"CODE_SIGN_IDENTITY[sdk=iphoneos*]" = "iPhone Developer";
				COPY_PHASE_STRIP = NO;
				DEBUG_INFORMATION_FORMAT = "dwarf-with-dsym";
				ENABLE_NS_ASSERTIONS = NO;
				ENABLE_STRICT_OBJC_MSGSEND = YES;
				GCC_C_LANGUAGE_STANDARD = gnu99;
				GCC_NO_COMMON_BLOCKS = YES;
				GCC_WARN_64_TO_32_BIT_CONVERSION = YES;
				GCC_WARN_ABOUT_RETURN_TYPE = YES_ERROR;
				GCC_WARN_UNDECLARED_SELECTOR = YES;
				GCC_WARN_UNINITIALIZED_AUTOS = YES_AGGRESSIVE;
				GCC_WARN_UNUSED_FUNCTION = YES;
				GCC_WARN_UNUSED_VARIABLE = YES;
				IPHONEOS_DEPLOYMENT_TARGET = 8.4;
				MTL_ENABLE_DEBUG_INFO = NO;
				SDKROOT = iphoneos;
				VALIDATE_PRODUCT = YES;
			};
			name = Release;
		};
		65809ACF1B54CBB1002B019B /* Debug */ = {
			isa = XCBuildConfiguration;
			buildSettings = {
				ASSETCATALOG_COMPILER_APPICON_NAME = AppIcon;
				CODE_SIGN_IDENTITY = "iPhone Developer";
				"CODE_SIGN_IDENTITY[sdk=iphoneos*]" = "iPhone Developer";
				INFOPLIST_FILE = "Pitch Perfect/Info.plist";
				IPHONEOS_DEPLOYMENT_TARGET = 8.0;
				LD_RUNPATH_SEARCH_PATHS = "$(inherited) @executable_path/Frameworks";
				PRODUCT_NAME = "$(TARGET_NAME)";
				PROVISIONING_PROFILE = "";
			};
			name = Debug;
		};
		65809AD01B54CBB1002B019B /* Release */ = {
			isa = XCBuildConfiguration;
			buildSettings = {
				ASSETCATALOG_COMPILER_APPICON_NAME = AppIcon;
				CODE_SIGN_IDENTITY = "iPhone Developer";
				"CODE_SIGN_IDENTITY[sdk=iphoneos*]" = "iPhone Developer";
				INFOPLIST_FILE = "Pitch Perfect/Info.plist";
				IPHONEOS_DEPLOYMENT_TARGET = 8.0;
				LD_RUNPATH_SEARCH_PATHS = "$(inherited) @executable_path/Frameworks";
				PRODUCT_NAME = "$(TARGET_NAME)";
				PROVISIONING_PROFILE = "";
			};
			name = Release;
		};
		65809AD21B54CBB1002B019B /* Debug */ = {
			isa = XCBuildConfiguration;
			buildSettings = {
				BUNDLE_LOADER = "$(TEST_HOST)";
				FRAMEWORK_SEARCH_PATHS = (
					"$(SDKROOT)/Developer/Library/Frameworks",
					"$(inherited)",
				);
				GCC_PREPROCESSOR_DEFINITIONS = (
					"DEBUG=1",
					"$(inherited)",
				);
				INFOPLIST_FILE = "Pitch PerfectTests/Info.plist";
				LD_RUNPATH_SEARCH_PATHS = "$(inherited) @executable_path/Frameworks @loader_path/Frameworks";
				PRODUCT_NAME = "$(TARGET_NAME)";
				TEST_HOST = "$(BUILT_PRODUCTS_DIR)/Pitch Perfect.app/Pitch Perfect";
			};
			name = Debug;
		};
		65809AD31B54CBB1002B019B /* Release */ = {
			isa = XCBuildConfiguration;
			buildSettings = {
				BUNDLE_LOADER = "$(TEST_HOST)";
				FRAMEWORK_SEARCH_PATHS = (
					"$(SDKROOT)/Developer/Library/Frameworks",
					"$(inherited)",
				);
				INFOPLIST_FILE = "Pitch PerfectTests/Info.plist";
				LD_RUNPATH_SEARCH_PATHS = "$(inherited) @executable_path/Frameworks @loader_path/Frameworks";
				PRODUCT_NAME = "$(TARGET_NAME)";
				TEST_HOST = "$(BUILT_PRODUCTS_DIR)/Pitch Perfect.app/Pitch Perfect";
			};
			name = Release;
		};
/* End XCBuildConfiguration section */

/* Begin XCConfigurationList section */
		65809AAA1B54CBB1002B019B /* Build configuration list for PBXProject "Pitch Perfect" */ = {
			isa = XCConfigurationList;
			buildConfigurations = (
				65809ACC1B54CBB1002B019B /* Debug */,
				65809ACD1B54CBB1002B019B /* Release */,
			);
			defaultConfigurationIsVisible = 0;
			defaultConfigurationName = Release;
		};
		65809ACE1B54CBB1002B019B /* Build configuration list for PBXNativeTarget "Pitch Perfect" */ = {
			isa = XCConfigurationList;
			buildConfigurations = (
				65809ACF1B54CBB1002B019B /* Debug */,
				65809AD01B54CBB1002B019B /* Release */,
			);
			defaultConfigurationIsVisible = 0;
			defaultConfigurationName = Release;
		};
		65809AD11B54CBB1002B019B /* Build configuration list for PBXNativeTarget "Pitch PerfectTests" */ = {
			isa = XCConfigurationList;
			buildConfigurations = (
				65809AD21B54CBB1002B019B /* Debug */,
				65809AD31B54CBB1002B019B /* Release */,
			);
			defaultConfigurationIsVisible = 0;
			defaultConfigurationName = Release;
		};
/* End XCConfigurationList section */
	};
	rootObject = 65809AA71B54CBB1002B019B /* Project object */;
}
